
Microsoft Visual Studio Solution File, Format Version 12.00
# Visual Studio Version 17
VisualStudioVersion = 17.4.33213.308
MinimumVisualStudioVersion = 10.0.40219.1
Project("{9A19103F-16F7-4668-BE54-9A1E7A4F7556}") = "LoreVault.API", "LoreVault.API\LoreVault.API.csproj", "{12AB4B69-FADB-451E-AADE-F8289678700F}"
	ProjectSection(ProjectDependencies) = postProject
		{4C438003-1957-4084-B411-F98A8F6EDD3D} = {4C438003-1957-4084-B411-F98A8F6EDD3D}
		{55E1C077-FB41-497A-A73E-C23DEB6BEA05} = {55E1C077-FB41-497A-A73E-C23DEB6BEA05}
		{8BFB3E5D-865A-415C-86A9-C84B08AF30DA} = {8BFB3E5D-865A-415C-86A9-C84B08AF30DA}
	EndProjectSection
EndProject
Project("{FAE04EC0-301F-11D3-BF4B-00C04F79EFBC}") = "LoreVault.DAL", "LoreVault.DAL\LoreVault.DAL.csproj", "{55E1C077-FB41-497A-A73E-C23DEB6BEA05}"
	ProjectSection(ProjectDependencies) = postProject
		{8BFB3E5D-865A-415C-86A9-C84B08AF30DA} = {8BFB3E5D-865A-415C-86A9-C84B08AF30DA}
	EndProjectSection
EndProject
Project("{FAE04EC0-301F-11D3-BF4B-00C04F79EFBC}") = "LoreVault.Domain", "LoreVault.Domain\LoreVault.Domain.csproj", "{8BFB3E5D-865A-415C-86A9-C84B08AF30DA}"
EndProject
Project("{FAE04EC0-301F-11D3-BF4B-00C04F79EFBC}") = "LoreVault.Service", "LoreVault.Service\LoreVault.Service.csproj", "{4C438003-1957-4084-B411-F98A8F6EDD3D}"
	ProjectSection(ProjectDependencies) = postProject
		{8BFB3E5D-865A-415C-86A9-C84B08AF30DA} = {8BFB3E5D-865A-415C-86A9-C84B08AF30DA}
	EndProjectSection
EndProject
Project("{FAE04EC0-301F-11D3-BF4B-00C04F79EFBC}") = "Tests", "Tests\Tests.csproj", "{36F341CD-BB59-428A-991A-79FDF8EBA170}"
	ProjectSection(ProjectDependencies) = postProject
		{12AB4B69-FADB-451E-AADE-F8289678700F} = {12AB4B69-FADB-451E-AADE-F8289678700F}
		{4C438003-1957-4084-B411-F98A8F6EDD3D} = {4C438003-1957-4084-B411-F98A8F6EDD3D}
		{55E1C077-FB41-497A-A73E-C23DEB6BEA05} = {55E1C077-FB41-497A-A73E-C23DEB6BEA05}
		{8BFB3E5D-865A-415C-86A9-C84B08AF30DA} = {8BFB3E5D-865A-415C-86A9-C84B08AF30DA}
	EndProjectSection
EndProject
Global
	GlobalSection(SolutionConfigurationPlatforms) = preSolution
		Debug|Any CPU = Debug|Any CPU
		Release|Any CPU = Release|Any CPU
	EndGlobalSection
	GlobalSection(ProjectConfigurationPlatforms) = postSolution
		{12AB4B69-FADB-451E-AADE-F8289678700F}.Debug|Any CPU.ActiveCfg = Debug|Any CPU
		{12AB4B69-FADB-451E-AADE-F8289678700F}.Debug|Any CPU.Build.0 = Debug|Any CPU
		{12AB4B69-FADB-451E-AADE-F8289678700F}.Release|Any CPU.ActiveCfg = Release|Any CPU
		{12AB4B69-FADB-451E-AADE-F8289678700F}.Release|Any CPU.Build.0 = Release|Any CPU
		{55E1C077-FB41-497A-A73E-C23DEB6BEA05}.Debug|Any CPU.ActiveCfg = Debug|Any CPU
		{55E1C077-FB41-497A-A73E-C23DEB6BEA05}.Debug|Any CPU.Build.0 = Debug|Any CPU
		{55E1C077-FB41-497A-A73E-C23DEB6BEA05}.Release|Any CPU.ActiveCfg = Release|Any CPU
		{55E1C077-FB41-497A-A73E-C23DEB6BEA05}.Release|Any CPU.Build.0 = Release|Any CPU
		{8BFB3E5D-865A-415C-86A9-C84B08AF30DA}.Debug|Any CPU.ActiveCfg = Debug|Any CPU
		{8BFB3E5D-865A-415C-86A9-C84B08AF30DA}.Debug|Any CPU.Build.0 = Debug|Any CPU
		{8BFB3E5D-865A-415C-86A9-C84B08AF30DA}.Release|Any CPU.ActiveCfg = Release|Any CPU
		{8BFB3E5D-865A-415C-86A9-C84B08AF30DA}.Release|Any CPU.Build.0 = Release|Any CPU
		{4C438003-1957-4084-B411-F98A8F6EDD3D}.Debug|Any CPU.ActiveCfg = Debug|Any CPU
		{4C438003-1957-4084-B411-F98A8F6EDD3D}.Debug|Any CPU.Build.0 = Debug|Any CPU
		{4C438003-1957-4084-B411-F98A8F6EDD3D}.Release|Any CPU.ActiveCfg = Release|Any CPU
		{4C438003-1957-4084-B411-F98A8F6EDD3D}.Release|Any CPU.Build.0 = Release|Any CPU
		{36F341CD-BB59-428A-991A-79FDF8EBA170}.Debug|Any CPU.ActiveCfg = Debug|Any CPU
		{36F341CD-BB59-428A-991A-79FDF8EBA170}.Debug|Any CPU.Build.0 = Debug|Any CPU
		{36F341CD-BB59-428A-991A-79FDF8EBA170}.Release|Any CPU.ActiveCfg = Release|Any CPU
		{36F341CD-BB59-428A-991A-79FDF8EBA170}.Release|Any CPU.Build.0 = Release|Any CPU
	EndGlobalSection
	GlobalSection(SolutionProperties) = preSolution
		HideSolutionNode = FALSE
	EndGlobalSection
	GlobalSection(ExtensibilityGlobals) = postSolution
		SolutionGuid = {1849BF8F-F12C-47D6-8D49-B2BA009D7E24}
	EndGlobalSection
EndGlobal
